
Microsoft Visual Studio Solution File, Format Version 12.00
# Visual Studio Version 17
VisualStudioVersion = 17.9.34723.18
MinimumVisualStudioVersion = 10.0.40219.1
Project("{FAE04EC0-301F-11D3-BF4B-00C04F79EFBC}") = "EventSample001", "EventSample001\EventSample001.csproj", "{02B01F44-62C9-41DC-8655-EE9329A62FFC}"
EndProject
Global
	GlobalSection(SolutionConfigurationPlatforms) = preSolution
		Debug|Any CPU = Debug|Any CPU
		Release|Any CPU = Release|Any CPU
	EndGlobalSection
	GlobalSection(ProjectConfigurationPlatforms) = postSolution
		{02B01F44-62C9-41DC-8655-EE9329A62FFC}.Debug|Any CPU.ActiveCfg = Debug|Any CPU
		{02B01F44-62C9-41DC-8655-EE9329A62FFC}.Debug|Any CPU.Build.0 = Debug|Any CPU
		{02B01F44-62C9-41DC-8655-EE9329A62FFC}.Release|Any CPU.ActiveCfg = Release|Any CPU
		{02B01F44-62C9-41DC-8655-EE9329A62FFC}.Release|Any CPU.Build.0 = Release|Any CPU
	EndGlobalSection
	GlobalSection(SolutionProperties) = preSolution
		HideSolutionNode = FALSE
	EndGlobalSection
	GlobalSection(ExtensibilityGlobals) = postSolution
		SolutionGuid = {D13C2B92-DDAF-47AD-AEDB-B1221049D747}
	EndGlobalSection
EndGlobal
